
Microsoft Visual Studio Solution File, Format Version 12.00
# Visual Studio Version 17
VisualStudioVersion = 17.5.33516.290
MinimumVisualStudioVersion = 10.0.40219.1
Project("{FAE04EC0-301F-11D3-BF4B-00C04F79EFBC}") = "ShapeRenderingSample", "ShapeRenderingSample.csproj", "{6CE815E5-895F-464D-9AC6-E6FA371EE996}"
EndProject
Global
	GlobalSection(SolutionConfigurationPlatforms) = preSolution
		Debug|Any CPU = Debug|Any CPU
		Release|Any CPU = Release|Any CPU
	EndGlobalSection
	GlobalSection(ProjectConfigurationPlatforms) = postSolution
		{6CE815E5-895F-464D-9AC6-E6FA371EE996}.Debug|Any CPU.ActiveCfg = Debug|Any CPU
		{6CE815E5-895F-464D-9AC6-E6FA371EE996}.Debug|Any CPU.Build.0 = Debug|Any CPU
		{6CE815E5-895F-464D-9AC6-E6FA371EE996}.Release|Any CPU.ActiveCfg = Release|Any CPU
		{6CE815E5-895F-464D-9AC6-E6FA371EE996}.Release|Any CPU.Build.0 = Release|Any CPU
	EndGlobalSection
	GlobalSection(SolutionProperties) = preSolution
		HideSolutionNode = FALSE
	EndGlobalSection
	GlobalSection(ExtensibilityGlobals) = postSolution
		SolutionGuid = {84A80591-3B8F-4B2D-BEE1-499FED4AD5FC}
	EndGlobalSection
EndGlobal
