
Microsoft Visual Studio Solution File, Format Version 12.00
# Visual Studio Version 17
VisualStudioVersion = 17.5.33516.290
MinimumVisualStudioVersion = 10.0.40219.1
Project("{FAE04EC0-301F-11D3-BF4B-00C04F79EFBC}") = "TrianglePickingSample", "TrianglePickingSample\TrianglePickingSample.csproj", "{EE0C494C-C895-4CCE-B281-A8136452C9D4}"
EndProject
Project("{FAE04EC0-301F-11D3-BF4B-00C04F79EFBC}") = "TrianglePickingPipeline", "TrianglePickingPipeline\TrianglePickingPipeline.csproj", "{42F79C8F-4EFB-4E32-A5FD-86D12EE13186}"
EndProject
Global
	GlobalSection(SolutionConfigurationPlatforms) = preSolution
		Debug|Any CPU = Debug|Any CPU
		Release|Any CPU = Release|Any CPU
	EndGlobalSection
	GlobalSection(ProjectConfigurationPlatforms) = postSolution
		{EE0C494C-C895-4CCE-B281-A8136452C9D4}.Debug|Any CPU.ActiveCfg = Debug|Any CPU
		{EE0C494C-C895-4CCE-B281-A8136452C9D4}.Debug|Any CPU.Build.0 = Debug|Any CPU
		{EE0C494C-C895-4CCE-B281-A8136452C9D4}.Release|Any CPU.ActiveCfg = Release|Any CPU
		{EE0C494C-C895-4CCE-B281-A8136452C9D4}.Release|Any CPU.Build.0 = Release|Any CPU
		{42F79C8F-4EFB-4E32-A5FD-86D12EE13186}.Debug|Any CPU.ActiveCfg = Debug|Any CPU
		{42F79C8F-4EFB-4E32-A5FD-86D12EE13186}.Debug|Any CPU.Build.0 = Debug|Any CPU
		{42F79C8F-4EFB-4E32-A5FD-86D12EE13186}.Release|Any CPU.ActiveCfg = Release|Any CPU
		{42F79C8F-4EFB-4E32-A5FD-86D12EE13186}.Release|Any CPU.Build.0 = Release|Any CPU
	EndGlobalSection
	GlobalSection(SolutionProperties) = preSolution
		HideSolutionNode = FALSE
	EndGlobalSection
	GlobalSection(ExtensibilityGlobals) = postSolution
		SolutionGuid = {FD900EDC-FBFD-4E72-B78D-2BE3FCCE3E1D}
	EndGlobalSection
EndGlobal
