
Microsoft Visual Studio Solution File, Format Version 12.00
# Visual Studio Version 17
VisualStudioVersion = 17.4.33213.308
MinimumVisualStudioVersion = 10.0.40219.1
Project("{FAE04EC0-301F-11D3-BF4B-00C04F79EFBC}") = "CPUSkinning", "CPUSkinning\CPUSkinning.csproj", "{184ED270-6881-4F51-919F-6AF5929E75D5}"
EndProject
Project("{FAE04EC0-301F-11D3-BF4B-00C04F79EFBC}") = "CPUSkinningPipelineExtensions", "CPUSkinningPipelineExtensions\CPUSkinningPipelineExtensions.csproj", "{BE6DB55D-613F-4422-9F2C-BD36219E1D9F}"
EndProject
Project("{FAE04EC0-301F-11D3-BF4B-00C04F79EFBC}") = "CPUSkinningDataTypes", "CPUSkinningDataTypes\CPUSkinningDataTypes.csproj", "{521F9CC0-9191-4834-9649-F9510E038163}"
EndProject
Global
	GlobalSection(SolutionConfigurationPlatforms) = preSolution
		Debug|Any CPU = Debug|Any CPU
		Release|Any CPU = Release|Any CPU
	EndGlobalSection
	GlobalSection(ProjectConfigurationPlatforms) = postSolution
		{184ED270-6881-4F51-919F-6AF5929E75D5}.Debug|Any CPU.ActiveCfg = Debug|Any CPU
		{184ED270-6881-4F51-919F-6AF5929E75D5}.Debug|Any CPU.Build.0 = Debug|Any CPU
		{184ED270-6881-4F51-919F-6AF5929E75D5}.Release|Any CPU.ActiveCfg = Release|Any CPU
		{184ED270-6881-4F51-919F-6AF5929E75D5}.Release|Any CPU.Build.0 = Release|Any CPU
		{BE6DB55D-613F-4422-9F2C-BD36219E1D9F}.Debug|Any CPU.ActiveCfg = Debug|Any CPU
		{BE6DB55D-613F-4422-9F2C-BD36219E1D9F}.Debug|Any CPU.Build.0 = Debug|Any CPU
		{BE6DB55D-613F-4422-9F2C-BD36219E1D9F}.Release|Any CPU.ActiveCfg = Release|Any CPU
		{BE6DB55D-613F-4422-9F2C-BD36219E1D9F}.Release|Any CPU.Build.0 = Release|Any CPU
		{521F9CC0-9191-4834-9649-F9510E038163}.Debug|Any CPU.ActiveCfg = Debug|Any CPU
		{521F9CC0-9191-4834-9649-F9510E038163}.Debug|Any CPU.Build.0 = Debug|Any CPU
		{521F9CC0-9191-4834-9649-F9510E038163}.Release|Any CPU.ActiveCfg = Release|Any CPU
		{521F9CC0-9191-4834-9649-F9510E038163}.Release|Any CPU.Build.0 = Release|Any CPU
	EndGlobalSection
	GlobalSection(SolutionProperties) = preSolution
		HideSolutionNode = FALSE
	EndGlobalSection
	GlobalSection(ExtensibilityGlobals) = postSolution
		SolutionGuid = {1873DF50-5EC0-4953-A63E-00304B74211F}
	EndGlobalSection
EndGlobal
