
Microsoft Visual Studio Solution File, Format Version 12.00
# Visual Studio Version 17
VisualStudioVersion = 17.5.33516.290
MinimumVisualStudioVersion = 10.0.40219.1
Project("{9A19103F-16F7-4668-BE54-9A1E7A4F7556}") = "XmlContentGame", "XmlContentGame\XmlContentGame.csproj", "{6A939498-1ED0-4847-BF69-A65C116B5321}"
EndProject
Project("{FAE04EC0-301F-11D3-BF4B-00C04F79EFBC}") = "XmlContent.Data", "XmlContent.Data\XmlContent.Data.csproj", "{B47136A8-AC9A-4ED0-93AC-D91BDC714F03}"
EndProject
Global
	GlobalSection(SolutionConfigurationPlatforms) = preSolution
		Debug|Any CPU = Debug|Any CPU
		Release|Any CPU = Release|Any CPU
	EndGlobalSection
	GlobalSection(ProjectConfigurationPlatforms) = postSolution
		{6A939498-1ED0-4847-BF69-A65C116B5321}.Debug|Any CPU.ActiveCfg = Debug|Any CPU
		{6A939498-1ED0-4847-BF69-A65C116B5321}.Debug|Any CPU.Build.0 = Debug|Any CPU
		{6A939498-1ED0-4847-BF69-A65C116B5321}.Release|Any CPU.ActiveCfg = Release|Any CPU
		{6A939498-1ED0-4847-BF69-A65C116B5321}.Release|Any CPU.Build.0 = Release|Any CPU
		{B47136A8-AC9A-4ED0-93AC-D91BDC714F03}.Debug|Any CPU.ActiveCfg = Debug|Any CPU
		{B47136A8-AC9A-4ED0-93AC-D91BDC714F03}.Debug|Any CPU.Build.0 = Debug|Any CPU
		{B47136A8-AC9A-4ED0-93AC-D91BDC714F03}.Release|Any CPU.ActiveCfg = Release|Any CPU
		{B47136A8-AC9A-4ED0-93AC-D91BDC714F03}.Release|Any CPU.Build.0 = Release|Any CPU
	EndGlobalSection
	GlobalSection(SolutionProperties) = preSolution
		HideSolutionNode = FALSE
	EndGlobalSection
	GlobalSection(ExtensibilityGlobals) = postSolution
		SolutionGuid = {EF021315-578E-49EE-94A4-34605EA53EE3}
	EndGlobalSection
EndGlobal
