
Microsoft Visual Studio Solution File, Format Version 12.00
# Visual Studio Version 17
VisualStudioVersion = 17.4.33213.308
MinimumVisualStudioVersion = 10.0.40219.1
Project("{FAE04EC0-301F-11D3-BF4B-00C04F79EFBC}") = "CameraShake", "CameraShake.csproj", "{29A43EFA-184C-4275-8DB6-CE3304E61F8D}"
EndProject
Global
	GlobalSection(SolutionConfigurationPlatforms) = preSolution
		Debug|Any CPU = Debug|Any CPU
		Release|Any CPU = Release|Any CPU
	EndGlobalSection
	GlobalSection(ProjectConfigurationPlatforms) = postSolution
		{29A43EFA-184C-4275-8DB6-CE3304E61F8D}.Debug|Any CPU.ActiveCfg = Debug|Any CPU
		{29A43EFA-184C-4275-8DB6-CE3304E61F8D}.Debug|Any CPU.Build.0 = Debug|Any CPU
		{29A43EFA-184C-4275-8DB6-CE3304E61F8D}.Release|Any CPU.ActiveCfg = Release|Any CPU
		{29A43EFA-184C-4275-8DB6-CE3304E61F8D}.Release|Any CPU.Build.0 = Release|Any CPU
	EndGlobalSection
	GlobalSection(SolutionProperties) = preSolution
		HideSolutionNode = FALSE
	EndGlobalSection
	GlobalSection(ExtensibilityGlobals) = postSolution
		SolutionGuid = {2F534F66-3693-4156-AFAE-8DE9FC043DE0}
	EndGlobalSection
EndGlobal
