
Microsoft Visual Studio Solution File, Format Version 12.00
# Visual Studio Version 17
VisualStudioVersion = 17.4.33213.308
MinimumVisualStudioVersion = 10.0.40219.1
Project("{FAE04EC0-301F-11D3-BF4B-00C04F79EFBC}") = "NonPhotoRealisticSample", "NonPhotoRealisticSample.csproj", "{6657AC91-379F-4CB7-A21B-2178C32A4518}"
EndProject
Global
	GlobalSection(SolutionConfigurationPlatforms) = preSolution
		Debug|Any CPU = Debug|Any CPU
		Release|Any CPU = Release|Any CPU
	EndGlobalSection
	GlobalSection(ProjectConfigurationPlatforms) = postSolution
		{6657AC91-379F-4CB7-A21B-2178C32A4518}.Debug|Any CPU.ActiveCfg = Debug|Any CPU
		{6657AC91-379F-4CB7-A21B-2178C32A4518}.Debug|Any CPU.Build.0 = Debug|Any CPU
		{6657AC91-379F-4CB7-A21B-2178C32A4518}.Release|Any CPU.ActiveCfg = Release|Any CPU
		{6657AC91-379F-4CB7-A21B-2178C32A4518}.Release|Any CPU.Build.0 = Release|Any CPU
	EndGlobalSection
	GlobalSection(SolutionProperties) = preSolution
		HideSolutionNode = FALSE
	EndGlobalSection
	GlobalSection(ExtensibilityGlobals) = postSolution
		SolutionGuid = {34B900D0-F539-41B5-B19C-BF9CB027E5BE}
	EndGlobalSection
EndGlobal
