
Microsoft Visual Studio Solution File, Format Version 12.00
# Visual Studio Version 17
VisualStudioVersion = 17.5.33516.290
MinimumVisualStudioVersion = 10.0.40219.1
Project("{FAE04EC0-301F-11D3-BF4B-00C04F79EFBC}") = "SimpleAnimation", "SimpleAnimation.csproj", "{2E0B69F9-2F1A-4F12-81C8-68E2DF46477F}"
EndProject
Global
	GlobalSection(SolutionConfigurationPlatforms) = preSolution
		Debug|Any CPU = Debug|Any CPU
		Release|Any CPU = Release|Any CPU
	EndGlobalSection
	GlobalSection(ProjectConfigurationPlatforms) = postSolution
		{2E0B69F9-2F1A-4F12-81C8-68E2DF46477F}.Debug|Any CPU.ActiveCfg = Debug|Any CPU
		{2E0B69F9-2F1A-4F12-81C8-68E2DF46477F}.Debug|Any CPU.Build.0 = Debug|Any CPU
		{2E0B69F9-2F1A-4F12-81C8-68E2DF46477F}.Release|Any CPU.ActiveCfg = Release|Any CPU
		{2E0B69F9-2F1A-4F12-81C8-68E2DF46477F}.Release|Any CPU.Build.0 = Release|Any CPU
	EndGlobalSection
	GlobalSection(SolutionProperties) = preSolution
		HideSolutionNode = FALSE
	EndGlobalSection
	GlobalSection(ExtensibilityGlobals) = postSolution
		SolutionGuid = {274C317A-21DD-4105-B1FB-0CC4E5E89CBC}
	EndGlobalSection
EndGlobal
