
Microsoft Visual Studio Solution File, Format Version 12.00
# Visual Studio Version 17
VisualStudioVersion = 17.5.33516.290
MinimumVisualStudioVersion = 10.0.40219.1
Project("{FAE04EC0-301F-11D3-BF4B-00C04F79EFBC}") = "OrientationSample", "OrientationSample.csproj", "{A167CAC4-73DE-499B-9D5C-A58F0FE214DE}"
EndProject
Global
	GlobalSection(SolutionConfigurationPlatforms) = preSolution
		Debug|Any CPU = Debug|Any CPU
		Release|Any CPU = Release|Any CPU
	EndGlobalSection
	GlobalSection(ProjectConfigurationPlatforms) = postSolution
		{A167CAC4-73DE-499B-9D5C-A58F0FE214DE}.Debug|Any CPU.ActiveCfg = Debug|Any CPU
		{A167CAC4-73DE-499B-9D5C-A58F0FE214DE}.Debug|Any CPU.Build.0 = Debug|Any CPU
		{A167CAC4-73DE-499B-9D5C-A58F0FE214DE}.Release|Any CPU.ActiveCfg = Release|Any CPU
		{A167CAC4-73DE-499B-9D5C-A58F0FE214DE}.Release|Any CPU.Build.0 = Release|Any CPU
	EndGlobalSection
	GlobalSection(SolutionProperties) = preSolution
		HideSolutionNode = FALSE
	EndGlobalSection
	GlobalSection(ExtensibilityGlobals) = postSolution
		SolutionGuid = {62B2C136-D14A-4516-A454-ED76BF21D87F}
	EndGlobalSection
EndGlobal
