
Microsoft Visual Studio Solution File, Format Version 12.00
# Visual Studio Version 17
VisualStudioVersion = 17.5.33516.290
MinimumVisualStudioVersion = 10.0.40219.1
Project("{FAE04EC0-301F-11D3-BF4B-00C04F79EFBC}") = "TransformedCollision", "TransformedCollision\TransformedCollision.csproj", "{7F4D967D-82F8-41B7-A83A-23A1F9BAEF91}"
EndProject
Project("{FAE04EC0-301F-11D3-BF4B-00C04F79EFBC}") = "TransformedCollisionTest", "TransformedCollisionTest\TransformedCollisionTest.csproj", "{3DC27CDF-A44E-44EE-93B6-2A3197FFDBD3}"
EndProject
Global
	GlobalSection(SolutionConfigurationPlatforms) = preSolution
		Debug|Any CPU = Debug|Any CPU
		Release|Any CPU = Release|Any CPU
	EndGlobalSection
	GlobalSection(ProjectConfigurationPlatforms) = postSolution
		{7F4D967D-82F8-41B7-A83A-23A1F9BAEF91}.Debug|Any CPU.ActiveCfg = Debug|Any CPU
		{7F4D967D-82F8-41B7-A83A-23A1F9BAEF91}.Debug|Any CPU.Build.0 = Debug|Any CPU
		{7F4D967D-82F8-41B7-A83A-23A1F9BAEF91}.Release|Any CPU.ActiveCfg = Release|Any CPU
		{7F4D967D-82F8-41B7-A83A-23A1F9BAEF91}.Release|Any CPU.Build.0 = Release|Any CPU
		{3DC27CDF-A44E-44EE-93B6-2A3197FFDBD3}.Debug|Any CPU.ActiveCfg = Debug|Any CPU
		{3DC27CDF-A44E-44EE-93B6-2A3197FFDBD3}.Debug|Any CPU.Build.0 = Debug|Any CPU
		{3DC27CDF-A44E-44EE-93B6-2A3197FFDBD3}.Release|Any CPU.ActiveCfg = Release|Any CPU
		{3DC27CDF-A44E-44EE-93B6-2A3197FFDBD3}.Release|Any CPU.Build.0 = Release|Any CPU
	EndGlobalSection
	GlobalSection(SolutionProperties) = preSolution
		HideSolutionNode = FALSE
	EndGlobalSection
	GlobalSection(ExtensibilityGlobals) = postSolution
		SolutionGuid = {36D861E2-5ADA-49C4-B3A5-1BF64039A251}
	EndGlobalSection
EndGlobal
