
Microsoft Visual Studio Solution File, Format Version 12.00
# Visual Studio Version 17
VisualStudioVersion = 17.5.33516.290
MinimumVisualStudioVersion = 10.0.40219.1
Project("{FAE04EC0-301F-11D3-BF4B-00C04F79EFBC}") = "BloomPostprocess", "BloomPostprocess.csproj", "{32C9AD4A-544E-413C-9531-D540D7CB131E}"
EndProject
Global
	GlobalSection(SolutionConfigurationPlatforms) = preSolution
		Debug|Any CPU = Debug|Any CPU
		Release|Any CPU = Release|Any CPU
	EndGlobalSection
	GlobalSection(ProjectConfigurationPlatforms) = postSolution
		{32C9AD4A-544E-413C-9531-D540D7CB131E}.Debug|Any CPU.ActiveCfg = Debug|Any CPU
		{32C9AD4A-544E-413C-9531-D540D7CB131E}.Debug|Any CPU.Build.0 = Debug|Any CPU
		{32C9AD4A-544E-413C-9531-D540D7CB131E}.Release|Any CPU.ActiveCfg = Release|Any CPU
		{32C9AD4A-544E-413C-9531-D540D7CB131E}.Release|Any CPU.Build.0 = Release|Any CPU
	EndGlobalSection
	GlobalSection(SolutionProperties) = preSolution
		HideSolutionNode = FALSE
	EndGlobalSection
	GlobalSection(ExtensibilityGlobals) = postSolution
		SolutionGuid = {7202E98D-1B4A-474C-8700-226D4830D232}
	EndGlobalSection
EndGlobal
