
Microsoft Visual Studio Solution File, Format Version 12.00
# Visual Studio Version 17
VisualStudioVersion = 17.4.33213.308
MinimumVisualStudioVersion = 10.0.40219.1
Project("{FAE04EC0-301F-11D3-BF4B-00C04F79EFBC}") = "RimLighting", "RimLighting.csproj", "{9D29F2DA-984F-4C6E-8CB3-4F17B1F28605}"
EndProject
Global
	GlobalSection(SolutionConfigurationPlatforms) = preSolution
		Debug|Any CPU = Debug|Any CPU
		Release|Any CPU = Release|Any CPU
	EndGlobalSection
	GlobalSection(ProjectConfigurationPlatforms) = postSolution
		{9D29F2DA-984F-4C6E-8CB3-4F17B1F28605}.Debug|Any CPU.ActiveCfg = Debug|Any CPU
		{9D29F2DA-984F-4C6E-8CB3-4F17B1F28605}.Debug|Any CPU.Build.0 = Debug|Any CPU
		{9D29F2DA-984F-4C6E-8CB3-4F17B1F28605}.Release|Any CPU.ActiveCfg = Release|Any CPU
		{9D29F2DA-984F-4C6E-8CB3-4F17B1F28605}.Release|Any CPU.Build.0 = Release|Any CPU
	EndGlobalSection
	GlobalSection(SolutionProperties) = preSolution
		HideSolutionNode = FALSE
	EndGlobalSection
	GlobalSection(ExtensibilityGlobals) = postSolution
		SolutionGuid = {0E567B1A-D882-4382-8471-6729C7372E7D}
	EndGlobalSection
EndGlobal
